
Microsoft Visual Studio Solution File, Format Version 12.00
# Visual Studio Version 16
VisualStudioVersion = 16.0.30523.141
MinimumVisualStudioVersion = 10.0.40219.1
Project("{9A19103F-16F7-4668-BE54-9A1E7A4F7556}") = "Demo", "Demo\Demo.csproj", "{47B737C2-E3FC-48E1-9A99-9BCC3B1A4210}"
EndProject
Project("{FAE04EC0-301F-11D3-BF4B-00C04F79EFBC}") = "DemoTest", "DemoTest\DemoTest.csproj", "{2A2E8F4B-B2FC-4899-A77A-FF234F3E649B}"
EndProject
Global
	GlobalSection(SolutionConfigurationPlatforms) = preSolution
		Debug|Any CPU = Debug|Any CPU
		Release|Any CPU = Release|Any CPU
	EndGlobalSection
	GlobalSection(ProjectConfigurationPlatforms) = postSolution
		{47B737C2-E3FC-48E1-9A99-9BCC3B1A4210}.Debug|Any CPU.ActiveCfg = Debug|Any CPU
		{47B737C2-E3FC-48E1-9A99-9BCC3B1A4210}.Debug|Any CPU.Build.0 = Debug|Any CPU
		{47B737C2-E3FC-48E1-9A99-9BCC3B1A4210}.Release|Any CPU.ActiveCfg = Release|Any CPU
		{47B737C2-E3FC-48E1-9A99-9BCC3B1A4210}.Release|Any CPU.Build.0 = Release|Any CPU
		{2A2E8F4B-B2FC-4899-A77A-FF234F3E649B}.Debug|Any CPU.ActiveCfg = Debug|Any CPU
		{2A2E8F4B-B2FC-4899-A77A-FF234F3E649B}.Debug|Any CPU.Build.0 = Debug|Any CPU
		{2A2E8F4B-B2FC-4899-A77A-FF234F3E649B}.Release|Any CPU.ActiveCfg = Release|Any CPU
		{2A2E8F4B-B2FC-4899-A77A-FF234F3E649B}.Release|Any CPU.Build.0 = Release|Any CPU
	EndGlobalSection
	GlobalSection(SolutionProperties) = preSolution
		HideSolutionNode = FALSE
	EndGlobalSection
	GlobalSection(ExtensibilityGlobals) = postSolution
		SolutionGuid = {6966B159-1AA7-4D4F-A9C5-7AEBD66EC8C2}
	EndGlobalSection
EndGlobal
